{
  "name": "ckeditor",
  "version": "4.5.10",
  "lockfileVersion": 3,
  "requires": true,
  "packages": {
    "": {
      "name": "ckeditor",
      "version": "4.5.10",
      "license": "For licensing, see LICENSE.md or http://ckeditor.com/license.",
      "dependencies": {
        "ckeditor": "file:"
      }
    },
    "node_modules/ckeditor": {
      "resolved": "",
      "link": true
    }
  }
}
